// !$*UTF8*$!
{
	archiveVersion = 1;
	classes = {
	};
	objectVersion = 50;
	objects = {

/* Begin PBXBuildFile section */
		360B505925B5143700B46F14 /* BubbleModel.swift in Sources */ = {isa = PBXBuildFile; fileRef = 360B505825B5143700B46F14 /* BubbleModel.swift */; };
		3643EA4625B3DEE5004B3BB6 /* AppDelegate.swift in Sources */ = {isa = PBXBuildFile; fileRef = 3643EA4525B3DEE5004B3BB6 /* AppDelegate.swift */; };
		3643EA4825B3DEE5004B3BB6 /* SceneDelegate.swift in Sources */ = {isa = PBXBuildFile; fileRef = 3643EA4725B3DEE5004B3BB6 /* SceneDelegate.swift */; };
		3643EA4D25B3DEE5004B3BB6 /* Main.storyboard in Resources */ = {isa = PBXBuildFile; fileRef = 3643EA4B25B3DEE5004B3BB6 /* Main.storyboard */; };
		3643EA4F25B3DEE6004B3BB6 /* Assets.xcassets in Resources */ = {isa = PBXBuildFile; fileRef = 3643EA4E25B3DEE6004B3BB6 /* Assets.xcassets */; };
		3643EA5225B3DEE6004B3BB6 /* LaunchScreen.storyboard in Resources */ = {isa = PBXBuildFile; fileRef = 3643EA5025B3DEE6004B3BB6 /* LaunchScreen.storyboard */; };
		3643EA5E25B40383004B3BB6 /* StartViewController.swift in Sources */ = {isa = PBXBuildFile; fileRef = 3643EA5D25B40383004B3BB6 /* StartViewController.swift */; };
		3643EA6125B40393004B3BB6 /* SettingViewController.swift in Sources */ = {isa = PBXBuildFile; fileRef = 3643EA6025B40393004B3BB6 /* SettingViewController.swift */; };
		3643EA6425B403A0004B3BB6 /* GamePlayViewController.swift in Sources */ = {isa = PBXBuildFile; fileRef = 3643EA6325B403A0004B3BB6 /* GamePlayViewController.swift */; };
		3643EA6725B403AF004B3BB6 /* HighScoreViewController.swift in Sources */ = {isa = PBXBuildFile; fileRef = 3643EA6625B403AF004B3BB6 /* HighScoreViewController.swift */; };
		3656AFFF25BB08B800306E8C /* UserDefaultsKey.swift in Sources */ = {isa = PBXBuildFile; fileRef = 3656AFFE25BB08B800306E8C /* UserDefaultsKey.swift */; };
		36B543DE25BA9982009E93B7 /* GameResultViewController.swift in Sources */ = {isa = PBXBuildFile; fileRef = 36B543DD25BA9982009E93B7 /* GameResultViewController.swift */; };
		36B543E225BABE30009E93B7 /* JsonFileHelper.swift in Sources */ = {isa = PBXBuildFile; fileRef = 36B543E125BABE30009E93B7 /* JsonFileHelper.swift */; };
		36B543E625BAD547009E93B7 /* HighScoreModel.swift in Sources */ = {isa = PBXBuildFile; fileRef = 36B543E525BAD547009E93B7 /* HighScoreModel.swift */; };
		D42C42C125B7982E005903E7 /* highScore.json in Resources */ = {isa = PBXBuildFile; fileRef = D42C42C025B7982E005903E7 /* highScore.json */; };
/* End PBXBuildFile section */

/* Begin PBXFileReference section */
		360B505825B5143700B46F14 /* BubbleModel.swift */ = {isa = PBXFileReference; lastKnownFileType = sourcecode.swift; path = BubbleModel.swift; sourceTree = "<group>"; };
		3643EA4225B3DEE5004B3BB6 /* BubblePop.app */ = {isa = PBXFileReference; explicitFileType = wrapper.application; includeInIndex = 0; path = BubblePop.app; sourceTree = BUILT_PRODUCTS_DIR; };
		3643EA4525B3DEE5004B3BB6 /* AppDelegate.swift */ = {isa = PBXFileReference; lastKnownFileType = sourcecode.swift; path = AppDelegate.swift; sourceTree = "<group>"; };
		3643EA4725B3DEE5004B3BB6 /* SceneDelegate.swift */ = {isa = PBXFileReference; lastKnownFileType = sourcecode.swift; path = SceneDelegate.swift; sourceTree = "<group>"; };
		3643EA4C25B3DEE5004B3BB6 /* Base */ = {isa = PBXFileReference; lastKnownFileType = file.storyboard; name = Base; path = Base.lproj/Main.storyboard; sourceTree = "<group>"; };
		3643EA4E25B3DEE6004B3BB6 /* Assets.xcassets */ = {isa = PBXFileReference; lastKnownFileType = folder.assetcatalog; path = Assets.xcassets; sourceTree = "<group>"; };
		3643EA5125B3DEE6004B3BB6 /* Base */ = {isa = PBXFileReference; lastKnownFileType = file.storyboard; name = Base; path = Base.lproj/LaunchScreen.storyboard; sourceTree = "<group>"; };
		3643EA5325B3DEE6004B3BB6 /* Info.plist */ = {isa = PBXFileReference; lastKnownFileType = text.plist.xml; path = Info.plist; sourceTree = "<group>"; };
		3643EA5D25B40383004B3BB6 /* StartViewController.swift */ = {isa = PBXFileReference; lastKnownFileType = sourcecode.swift; path = StartViewController.swift; sourceTree = "<group>"; };
		3643EA6025B40393004B3BB6 /* SettingViewController.swift */ = {isa = PBXFileReference; lastKnownFileType = sourcecode.swift; path = SettingViewController.swift; sourceTree = "<group>"; };
		3643EA6325B403A0004B3BB6 /* GamePlayViewController.swift */ = {isa = PBXFileReference; lastKnownFileType = sourcecode.swift; path = GamePlayViewController.swift; sourceTree = "<group>"; };
		3643EA6625B403AF004B3BB6 /* HighScoreViewController.swift */ = {isa = PBXFileReference; lastKnownFileType = sourcecode.swift; path = HighScoreViewController.swift; sourceTree = "<group>"; };
		3656AFFE25BB08B800306E8C /* UserDefaultsKey.swift */ = {isa = PBXFileReference; lastKnownFileType = sourcecode.swift; path = UserDefaultsKey.swift; sourceTree = "<group>"; };
		36B543DD25BA9982009E93B7 /* GameResultViewController.swift */ = {isa = PBXFileReference; lastKnownFileType = sourcecode.swift; path = GameResultViewController.swift; sourceTree = "<group>"; };
		36B543E125BABE30009E93B7 /* JsonFileHelper.swift */ = {isa = PBXFileReference; lastKnownFileType = sourcecode.swift; path = JsonFileHelper.swift; sourceTree = "<group>"; };
		36B543E525BAD547009E93B7 /* HighScoreModel.swift */ = {isa = PBXFileReference; lastKnownFileType = sourcecode.swift; path = HighScoreModel.swift; sourceTree = "<group>"; };
		D42C42C025B7982E005903E7 /* highScore.json */ = {isa = PBXFileReference; lastKnownFileType = text.json; path = highScore.json; sourceTree = "<group>"; };
/* End PBXFileReference section */

/* Begin PBXFrameworksBuildPhase section */
		3643EA3F25B3DEE5004B3BB6 /* Frameworks */ = {
			isa = PBXFrameworksBuildPhase;
			buildActionMask = 2147483647;
			files = (
			);
			runOnlyForDeploymentPostprocessing = 0;
		};
/* End PBXFrameworksBuildPhase section */

/* Begin PBXGroup section */
		3643EA3925B3DEE5004B3BB6 = {
			isa = PBXGroup;
			children = (
				3643EA4425B3DEE5004B3BB6 /* BubblePop */,
				3643EA4325B3DEE5004B3BB6 /* Products */,
			);
			sourceTree = "<group>";
		};
		3643EA4325B3DEE5004B3BB6 /* Products */ = {
			isa = PBXGroup;
			children = (
				3643EA4225B3DEE5004B3BB6 /* BubblePop.app */,
			);
			name = Products;
			sourceTree = "<group>";
		};
		3643EA4425B3DEE5004B3BB6 /* BubblePop */ = {
			isa = PBXGroup;
			children = (
				3643EA4525B3DEE5004B3BB6 /* AppDelegate.swift */,
				3643EA4725B3DEE5004B3BB6 /* SceneDelegate.swift */,
				3643EA5B25B40364004B3BB6 /* ViewControllers */,
				3643EA4B25B3DEE5004B3BB6 /* Main.storyboard */,
				3643EA4E25B3DEE6004B3BB6 /* Assets.xcassets */,
				3643EA5025B3DEE6004B3BB6 /* LaunchScreen.storyboard */,
				3643EA5325B3DEE6004B3BB6 /* Info.plist */,
				360B505825B5143700B46F14 /* BubbleModel.swift */,
				36B543E525BAD547009E93B7 /* HighScoreModel.swift */,
				36B543E125BABE30009E93B7 /* JsonFileHelper.swift */,
				D42C42C025B7982E005903E7 /* highScore.json */,
				3656AFFE25BB08B800306E8C /* UserDefaultsKey.swift */,
			);
			path = BubblePop;
			sourceTree = "<group>";
		};
		3643EA5B25B40364004B3BB6 /* ViewControllers */ = {
			isa = PBXGroup;
			children = (
				3643EA5D25B40383004B3BB6 /* StartViewController.swift */,
				3643EA6025B40393004B3BB6 /* SettingViewController.swift */,
				3643EA6325B403A0004B3BB6 /* GamePlayViewController.swift */,
				3643EA6625B403AF004B3BB6 /* HighScoreViewController.swift */,
				36B543DD25BA9982009E93B7 /* GameResultViewController.swift */,
			);
			path = ViewControllers;
			sourceTree = "<group>";
		};
/* End PBXGroup section */

/* Begin PBXNativeTarget section */
		3643EA4125B3DEE5004B3BB6 /* BubblePop */ = {
			isa = PBXNativeTarget;
			buildConfigurationList = 3643EA5625B3DEE6004B3BB6 /* Build configuration list for PBXNativeTarget "BubblePop" */;
			buildPhases = (
				3643EA3E25B3DEE5004B3BB6 /* Sources */,
				3643EA3F25B3DEE5004B3BB6 /* Frameworks */,
				3643EA4025B3DEE5004B3BB6 /* Resources */,
			);
			buildRules = (
			);
			dependencies = (
			);
			name = BubblePop;
			productName = BubblePop;
			productReference = 3643EA4225B3DEE5004B3BB6 /* BubblePop.app */;
			productType = "com.apple.product-type.application";
		};
/* End PBXNativeTarget section */

/* Begin PBXProject section */
		3643EA3A25B3DEE5004B3BB6 /* Project object */ = {
			isa = PBXProject;
			attributes = {
				LastSwiftUpdateCheck = 1230;
				LastUpgradeCheck = 1230;
				TargetAttributes = {
					3643EA4125B3DEE5004B3BB6 = {
						CreatedOnToolsVersion = 12.3;
					};
				};
			};
			buildConfigurationList = 3643EA3D25B3DEE5004B3BB6 /* Build configuration list for PBXProject "BubblePop" */;
			compatibilityVersion = "Xcode 9.3";
			developmentRegion = en;
			hasScannedForEncodings = 0;
			knownRegions = (
				en,
				Base,
			);
			mainGroup = 3643EA3925B3DEE5004B3BB6;
			productRefGroup = 3643EA4325B3DEE5004B3BB6 /* Products */;
			projectDirPath = "";
			projectRoot = "";
			targets = (
				3643EA4125B3DEE5004B3BB6 /* BubblePop */,
			);
		};
/* End PBXProject section */

/* Begin PBXResourcesBuildPhase section */
		3643EA4025B3DEE5004B3BB6 /* Resources */ = {
			isa = PBXResourcesBuildPhase;
			buildActionMask = 2147483647;
			files = (
				3643EA5225B3DEE6004B3BB6 /* LaunchScreen.storyboard in Resources */,
				3643EA4F25B3DEE6004B3BB6 /* Assets.xcassets in Resources */,
				D42C42C125B7982E005903E7 /* highScore.json in Resources */,
				3643EA4D25B3DEE5004B3BB6 /* Main.storyboard in Resources */,
			);
			runOnlyForDeploymentPostprocessing = 0;
		};
/* End PBXResourcesBuildPhase section */

/* Begin PBXSourcesBuildPhase section */
		3643EA3E25B3DEE5004B3BB6 /* Sources */ = {
			isa = PBXSourcesBuildPhase;
			buildActionMask = 2147483647;
			files = (
				3656AFFF25BB08B800306E8C /* UserDefaultsKey.swift in Sources */,
				3643EA6125B40393004B3BB6 /* SettingViewController.swift in Sources */,
				3643EA6725B403AF004B3BB6 /* HighScoreViewController.swift in Sources */,
				360B505925B5143700B46F14 /* BubbleModel.swift in Sources */,
				36B543E625BAD547009E93B7 /* HighScoreModel.swift in Sources */,
				36B543DE25BA9982009E93B7 /* GameResultViewController.swift in Sources */,
				3643EA5E25B40383004B3BB6 /* StartViewController.swift in Sources */,
				3643EA4625B3DEE5004B3BB6 /* AppDelegate.swift in Sources */,
				36B543E225BABE30009E93B7 /* JsonFileHelper.swift in Sources */,
				3643EA6425B403A0004B3BB6 /* GamePlayViewController.swift in Sources */,
				3643EA4825B3DEE5004B3BB6 /* SceneDelegate.swift in Sources */,
			);
			runOnlyForDeploymentPostprocessing = 0;
		};
/* End PBXSourcesBuildPhase section */

/* Begin PBXVariantGroup section */
		3643EA4B25B3DEE5004B3BB6 /* Main.storyboard */ = {
			isa = PBXVariantGroup;
			children = (
				3643EA4C25B3DEE5004B3BB6 /* Base */,
			);
			name = Main.storyboard;
			sourceTree = "<group>";
		};
		3643EA5025B3DEE6004B3BB6 /* LaunchScreen.storyboard */ = {
			isa = PBXVariantGroup;
			children = (
				3643EA5125B3DEE6004B3BB6 /* Base */,
			);
			name = LaunchScreen.storyboard;
			sourceTree = "<group>";
		};
/* End PBXVariantGroup section */

/* Begin XCBuildConfiguration section */
		3643EA5425B3DEE6004B3BB6 /* Debug */ = {
			isa = XCBuildConfiguration;
			buildSettings = {
				ALWAYS_SEARCH_USER_PATHS = NO;
				CLANG_ANALYZER_NONNULL = YES;
				CLANG_ANALYZER_NUMBER_OBJECT_CONVERSION = YES_AGGRESSIVE;
				CLANG_CXX_LANGUAGE_STANDARD = "gnu++14";
				CLANG_CXX_LIBRARY = "libc++";
				CLANG_ENABLE_MODULES = YES;
				CLANG_ENABLE_OBJC_ARC = YES;
				CLANG_ENABLE_OBJC_WEAK = YES;
				CLANG_WARN_BLOCK_CAPTURE_AUTORELEASING = YES;
				CLANG_WARN_BOOL_CONVERSION = YES;
				CLANG_WARN_COMMA = YES;
				CLANG_WARN_CONSTANT_CONVERSION = YES;
				CLANG_WARN_DEPRECATED_OBJC_IMPLEMENTATIONS = YES;
				CLANG_WARN_DIRECT_OBJC_ISA_USAGE = YES_ERROR;
				CLANG_WARN_DOCUMENTATION_COMMENTS = YES;
				CLANG_WARN_EMPTY_BODY = YES;
				CLANG_WARN_ENUM_CONVERSION = YES;
				CLANG_WARN_INFINITE_RECURSION = YES;
				CLANG_WARN_INT_CONVERSION = YES;
				CLANG_WARN_NON_LITERAL_NULL_CONVERSION = YES;
				CLANG_WARN_OBJC_IMPLICIT_RETAIN_SELF = YES;
				CLANG_WARN_OBJC_LITERAL_CONVERSION = YES;
				CLANG_WARN_OBJC_ROOT_CLASS = YES_ERROR;
				CLANG_WARN_QUOTED_INCLUDE_IN_FRAMEWORK_HEADER = YES;
				CLANG_WARN_RANGE_LOOP_ANALYSIS = YES;
				CLANG_WARN_STRICT_PROTOTYPES = YES;
				CLANG_WARN_SUSPICIOUS_MOVE = YES;
				CLANG_WARN_UNGUARDED_AVAILABILITY = YES_AGGRESSIVE;
				CLANG_WARN_UNREACHABLE_CODE = YES;
				CLANG_WARN__DUPLICATE_METHOD_MATCH = YES;
				COPY_PHASE_STRIP = NO;
				DEBUG_INFORMATION_FORMAT = dwarf;
				ENABLE_STRICT_OBJC_MSGSEND = YES;
				ENABLE_TESTABILITY = YES;
				GCC_C_LANGUAGE_STANDARD = gnu11;
				GCC_DYNAMIC_NO_PIC = NO;
				GCC_NO_COMMON_BLOCKS = YES;
				GCC_OPTIMIZATION_LEVEL = 0;
				GCC_PREPROCESSOR_DEFINITIONS = (
					"DEBUG=1",
					"$(inherited)",
				);
				GCC_WARN_64_TO_32_BIT_CONVERSION = YES;
				GCC_WARN_ABOUT_RETURN_TYPE = YES_ERROR;
				GCC_WARN_UNDECLARED_SELECTOR = YES;
				GCC_WARN_UNINITIALIZED_AUTOS = YES_AGGRESSIVE;
				GCC_WARN_UNUSED_FUNCTION = YES;
				GCC_WARN_UNUSED_VARIABLE = YES;
				IPHONEOS_DEPLOYMENT_TARGET = 14.3;
				MTL_ENABLE_DEBUG_INFO = INCLUDE_SOURCE;
				MTL_FAST_MATH = YES;
				ONLY_ACTIVE_ARCH = YES;
				SDKROOT = iphoneos;
				SWIFT_ACTIVE_COMPILATION_CONDITIONS = DEBUG;
				SWIFT_OPTIMIZATION_LEVEL = "-Onone";
			};
			name = Debug;
		};
		3643EA5525B3DEE6004B3BB6 /* Release */ = {
			isa = XCBuildConfiguration;
			buildSettings = {
				ALWAYS_SEARCH_USER_PATHS = NO;
				CLANG_ANALYZER_NONNULL = YES;
				CLANG_ANALYZER_NUMBER_OBJECT_CONVERSION = YES_AGGRESSIVE;
				CLANG_CXX_LANGUAGE_STANDARD = "gnu++14";
				CLANG_CXX_LIBRARY = "libc++";
				CLANG_ENABLE_MODULES = YES;
				CLANG_ENABLE_OBJC_ARC = YES;
				CLANG_ENABLE_OBJC_WEAK = YES;
				CLANG_WARN_BLOCK_CAPTURE_AUTORELEASING = YES;
				CLANG_WARN_BOOL_CONVERSION = YES;
				CLANG_WARN_COMMA = YES;
				CLANG_WARN_CONSTANT_CONVERSION = YES;
				CLANG_WARN_DEPRECATED_OBJC_IMPLEMENTATIONS = YES;
				CLANG_WARN_DIRECT_OBJC_ISA_USAGE = YES_ERROR;
				CLANG_WARN_DOCUMENTATION_COMMENTS = YES;
				CLANG_WARN_EMPTY_BODY = YES;
				CLANG_WARN_ENUM_CONVERSION = YES;
				CLANG_WARN_INFINITE_RECURSION = YES;
				CLANG_WARN_INT_CONVERSION = YES;
				CLANG_WARN_NON_LITERAL_NULL_CONVERSION = YES;
				CLANG_WARN_OBJC_IMPLICIT_RETAIN_SELF = YES;
				CLANG_WARN_OBJC_LITERAL_CONVERSION = YES;
				CLANG_WARN_OBJC_ROOT_CLASS = YES_ERROR;
				CLANG_WARN_QUOTED_INCLUDE_IN_FRAMEWORK_HEADER = YES;
				CLANG_WARN_RANGE_LOOP_ANALYSIS = YES;
				CLANG_WARN_STRICT_PROTOTYPES = YES;
				CLANG_WARN_SUSPICIOUS_MOVE = YES;
				CLANG_WARN_UNGUARDED_AVAILABILITY = YES_AGGRESSIVE;
				CLANG_WARN_UNREACHABLE_CODE = YES;
				CLANG_WARN__DUPLICATE_METHOD_MATCH = YES;
				COPY_PHASE_STRIP = NO;
				DEBUG_INFORMATION_FORMAT = "dwarf-with-dsym";
				ENABLE_NS_ASSERTIONS = NO;
				ENABLE_STRICT_OBJC_MSGSEND = YES;
				GCC_C_LANGUAGE_STANDARD = gnu11;
				GCC_NO_COMMON_BLOCKS = YES;
				GCC_WARN_64_TO_32_BIT_CONVERSION = YES;
				GCC_WARN_ABOUT_RETURN_TYPE = YES_ERROR;
				GCC_WARN_UNDECLARED_SELECTOR = YES;
				GCC_WARN_UNINITIALIZED_AUTOS = YES_AGGRESSIVE;
				GCC_WARN_UNUSED_FUNCTION = YES;
				GCC_WARN_UNUSED_VARIABLE = YES;
				IPHONEOS_DEPLOYMENT_TARGET = 14.3;
				MTL_ENABLE_DEBUG_INFO = NO;
				MTL_FAST_MATH = YES;
				SDKROOT = iphoneos;
				SWIFT_COMPILATION_MODE = wholemodule;
				SWIFT_OPTIMIZATION_LEVEL = "-O";
				VALIDATE_PRODUCT = YES;
			};
			name = Release;
		};
		3643EA5725B3DEE6004B3BB6 /* Debug */ = {
			isa = XCBuildConfiguration;
			buildSettings = {
				ASSETCATALOG_COMPILER_APPICON_NAME = AppIcon;
				ASSETCATALOG_COMPILER_GLOBAL_ACCENT_COLOR_NAME = AccentColor;
				CODE_SIGN_STYLE = Automatic;
				INFOPLIST_FILE = BubblePop/Info.plist;
				IPHONEOS_DEPLOYMENT_TARGET = 13.2;
				LD_RUNPATH_SEARCH_PATHS = (
					"$(inherited)",
					"@executable_path/Frameworks",
				);
				PRODUCT_BUNDLE_IDENTIFIER = "Jiahua-Li.BubblePop";
				PRODUCT_NAME = "$(TARGET_NAME)";
				SWIFT_VERSION = 5.0;
				TARGETED_DEVICE_FAMILY = "1,2";
			};
			name = Debug;
		};
		3643EA5825B3DEE6004B3BB6 /* Release */ = {
			isa = XCBuildConfiguration;
			buildSettings = {
				ASSETCATALOG_COMPILER_APPICON_NAME = AppIcon;
				ASSETCATALOG_COMPILER_GLOBAL_ACCENT_COLOR_NAME = AccentColor;
				CODE_SIGN_STYLE = Automatic;
				INFOPLIST_FILE = BubblePop/Info.plist;
				IPHONEOS_DEPLOYMENT_TARGET = 13.2;
				LD_RUNPATH_SEARCH_PATHS = (
					"$(inherited)",
					"@executable_path/Frameworks",
				);
				PRODUCT_BUNDLE_IDENTIFIER = "Jiahua-Li.BubblePop";
				PRODUCT_NAME = "$(TARGET_NAME)";
				SWIFT_VERSION = 5.0;
				TARGETED_DEVICE_FAMILY = "1,2";
			};
			name = Release;
		};
/* End XCBuildConfiguration section */

/* Begin XCConfigurationList section */
		3643EA3D25B3DEE5004B3BB6 /* Build configuration list for PBXProject "BubblePop" */ = {
			isa = XCConfigurationList;
			buildConfigurations = (
				3643EA5425B3DEE6004B3BB6 /* Debug */,
				3643EA5525B3DEE6004B3BB6 /* Release */,
			);
			defaultConfigurationIsVisible = 0;
			defaultConfigurationName = Release;
		};
		3643EA5625B3DEE6004B3BB6 /* Build configuration list for PBXNativeTarget "BubblePop" */ = {
			isa = XCConfigurationList;
			buildConfigurations = (
				3643EA5725B3DEE6004B3BB6 /* Debug */,
				3643EA5825B3DEE6004B3BB6 /* Release */,
			);
			defaultConfigurationIsVisible = 0;
			defaultConfigurationName = Release;
		};
/* End XCConfigurationList section */
	};
	rootObject = 3643EA3A25B3DEE5004B3BB6 /* Project object */;
}
